// !$*UTF8*$!
{
	archiveVersion = 1;
	classes = {
	};
	objectVersion = 50;
	objects = {

/* Begin PBXBuildFile section */
		4838362C251BB9B100845523 /* AppDelegate.swift in Sources */ = {isa = PBXBuildFile; fileRef = 4838362B251BB9B100845523 /* AppDelegate.swift */; };
		4838362E251BB9B100845523 /* SceneDelegate.swift in Sources */ = {isa = PBXBuildFile; fileRef = 4838362D251BB9B100845523 /* SceneDelegate.swift */; };
		48383633251BB9B100845523 /* Main.storyboard in Resources */ = {isa = PBXBuildFile; fileRef = 48383631251BB9B100845523 /* Main.storyboard */; };
		48383635251BB9B500845523 /* Assets.xcassets in Resources */ = {isa = PBXBuildFile; fileRef = 48383634251BB9B500845523 /* Assets.xcassets */; };
		48383638251BB9B500845523 /* LaunchScreen.storyboard in Resources */ = {isa = PBXBuildFile; fileRef = 48383636251BB9B500845523 /* LaunchScreen.storyboard */; };
		484D9890251C8DC100FB7DC3 /* LoginViewController.swift in Sources */ = {isa = PBXBuildFile; fileRef = 484D988F251C8DC100FB7DC3 /* LoginViewController.swift */; };
		484D9893251C8DD600FB7DC3 /* MovieListViewController.swift in Sources */ = {isa = PBXBuildFile; fileRef = 484D9892251C8DD600FB7DC3 /* MovieListViewController.swift */; };
		484D9899251CA8C800FB7DC3 /* RegisterViewController.swift in Sources */ = {isa = PBXBuildFile; fileRef = 484D9898251CA8C800FB7DC3 /* RegisterViewController.swift */; };
		48C982712520998000A1B899 /* MovieList.swift in Sources */ = {isa = PBXBuildFile; fileRef = 48C982702520998000A1B899 /* MovieList.swift */; };
		48C9827925209AAD00A1B899 /* Extensions.swift in Sources */ = {isa = PBXBuildFile; fileRef = 48C9827825209AAD00A1B899 /* Extensions.swift */; };
/* End PBXBuildFile section */

/* Begin PBXFileReference section */
		48383628251BB9B100845523 /* ZoneZero.app */ = {isa = PBXFileReference; explicitFileType = wrapper.application; includeInIndex = 0; path = ZoneZero.app; sourceTree = BUILT_PRODUCTS_DIR; };
		4838362B251BB9B100845523 /* AppDelegate.swift */ = {isa = PBXFileReference; lastKnownFileType = sourcecode.swift; path = AppDelegate.swift; sourceTree = "<group>"; };
		4838362D251BB9B100845523 /* SceneDelegate.swift */ = {isa = PBXFileReference; lastKnownFileType = sourcecode.swift; path = SceneDelegate.swift; sourceTree = "<group>"; };
		48383632251BB9B100845523 /* Base */ = {isa = PBXFileReference; lastKnownFileType = file.storyboard; name = Base; path = Base.lproj/Main.storyboard; sourceTree = "<group>"; };
		48383634251BB9B500845523 /* Assets.xcassets */ = {isa = PBXFileReference; lastKnownFileType = folder.assetcatalog; path = Assets.xcassets; sourceTree = "<group>"; };
		48383637251BB9B500845523 /* Base */ = {isa = PBXFileReference; lastKnownFileType = file.storyboard; name = Base; path = Base.lproj/LaunchScreen.storyboard; sourceTree = "<group>"; };
		48383639251BB9B500845523 /* Info.plist */ = {isa = PBXFileReference; lastKnownFileType = text.plist.xml; path = Info.plist; sourceTree = "<group>"; };
		484D988F251C8DC100FB7DC3 /* LoginViewController.swift */ = {isa = PBXFileReference; lastKnownFileType = sourcecode.swift; path = LoginViewController.swift; sourceTree = "<group>"; };
		484D9892251C8DD600FB7DC3 /* MovieListViewController.swift */ = {isa = PBXFileReference; lastKnownFileType = sourcecode.swift; path = MovieListViewController.swift; sourceTree = "<group>"; };
		484D9898251CA8C800FB7DC3 /* RegisterViewController.swift */ = {isa = PBXFileReference; lastKnownFileType = sourcecode.swift; path = RegisterViewController.swift; sourceTree = "<group>"; };
		48C982702520998000A1B899 /* MovieList.swift */ = {isa = PBXFileReference; lastKnownFileType = sourcecode.swift; path = MovieList.swift; sourceTree = "<group>"; };
		48C9827825209AAD00A1B899 /* Extensions.swift */ = {isa = PBXFileReference; lastKnownFileType = sourcecode.swift; path = Extensions.swift; sourceTree = "<group>"; };
/* End PBXFileReference section */

/* Begin PBXFrameworksBuildPhase section */
		48383625251BB9B100845523 /* Frameworks */ = {
			isa = PBXFrameworksBuildPhase;
			buildActionMask = 2147483647;
			files = (
			);
			runOnlyForDeploymentPostprocessing = 0;
		};
/* End PBXFrameworksBuildPhase section */

/* Begin PBXGroup section */
		4838361F251BB9B100845523 = {
			isa = PBXGroup;
			children = (
				4838362A251BB9B100845523 /* ZoneZero */,
				48383629251BB9B100845523 /* Products */,
			);
			sourceTree = "<group>";
		};
		48383629251BB9B100845523 /* Products */ = {
			isa = PBXGroup;
			children = (
				48383628251BB9B100845523 /* ZoneZero.app */,
			);
			name = Products;
			sourceTree = "<group>";
		};
		4838362A251BB9B100845523 /* ZoneZero */ = {
			isa = PBXGroup;
			children = (
				484D988A251C81EA00FB7DC3 /* Model */,
				484D988B251C81F000FB7DC3 /* View */,
				484D988C251C81F900FB7DC3 /* Controller */,
				48C9827B25209AB200A1B899 /* Utilities */,
				4838362B251BB9B100845523 /* AppDelegate.swift */,
				4838362D251BB9B100845523 /* SceneDelegate.swift */,
				48383634251BB9B500845523 /* Assets.xcassets */,
				48383636251BB9B500845523 /* LaunchScreen.storyboard */,
				48383639251BB9B500845523 /* Info.plist */,
			);
			path = ZoneZero;
			sourceTree = "<group>";
		};
		484D988A251C81EA00FB7DC3 /* Model */ = {
			isa = PBXGroup;
			children = (
				48C982702520998000A1B899 /* MovieList.swift */,
			);
			path = Model;
			sourceTree = "<group>";
		};
		484D988B251C81F000FB7DC3 /* View */ = {
			isa = PBXGroup;
			children = (
				48383631251BB9B100845523 /* Main.storyboard */,
			);
			path = View;
			sourceTree = "<group>";
		};
		484D988C251C81F900FB7DC3 /* Controller */ = {
			isa = PBXGroup;
			children = (
				484D9898251CA8C800FB7DC3 /* RegisterViewController.swift */,
				484D988F251C8DC100FB7DC3 /* LoginViewController.swift */,
				484D9892251C8DD600FB7DC3 /* MovieListViewController.swift */,
			);
			path = Controller;
			sourceTree = "<group>";
		};
		48C9827B25209AB200A1B899 /* Utilities */ = {
			isa = PBXGroup;
			children = (
				48C9827825209AAD00A1B899 /* Extensions.swift */,
			);
			path = Utilities;
			sourceTree = "<group>";
		};
/* End PBXGroup section */

/* Begin PBXNativeTarget section */
		48383627251BB9B100845523 /* ZoneZero */ = {
			isa = PBXNativeTarget;
			buildConfigurationList = 4838363C251BB9B500845523 /* Build configuration list for PBXNativeTarget "ZoneZero" */;
			buildPhases = (
				48383624251BB9B100845523 /* Sources */,
				48383625251BB9B100845523 /* Frameworks */,
				48383626251BB9B100845523 /* Resources */,
			);
			buildRules = (
			);
			dependencies = (
			);
			name = ZoneZero;
			productName = ZoneZero;
			productReference = 48383628251BB9B100845523 /* ZoneZero.app */;
			productType = "com.apple.product-type.application";
		};
/* End PBXNativeTarget section */

/* Begin PBXProject section */
		48383620251BB9B100845523 /* Project object */ = {
			isa = PBXProject;
			attributes = {
				LastSwiftUpdateCheck = 1200;
				LastUpgradeCheck = 1200;
				TargetAttributes = {
					48383627251BB9B100845523 = {
						CreatedOnToolsVersion = 12.0;
					};
				};
			};
			buildConfigurationList = 48383623251BB9B100845523 /* Build configuration list for PBXProject "ZoneZero" */;
			compatibilityVersion = "Xcode 9.3";
			developmentRegion = en;
			hasScannedForEncodings = 0;
			knownRegions = (
				en,
				Base,
			);
			mainGroup = 4838361F251BB9B100845523;
			productRefGroup = 48383629251BB9B100845523 /* Products */;
			projectDirPath = "";
			projectRoot = "";
			targets = (
				48383627251BB9B100845523 /* ZoneZero */,
			);
		};
/* End PBXProject section */

/* Begin PBXResourcesBuildPhase section */
		48383626251BB9B100845523 /* Resources */ = {
			isa = PBXResourcesBuildPhase;
			buildActionMask = 2147483647;
			files = (
				48383638251BB9B500845523 /* LaunchScreen.storyboard in Resources */,
				48383635251BB9B500845523 /* Assets.xcassets in Resources */,
				48383633251BB9B100845523 /* Main.storyboard in Resources */,
			);
			runOnlyForDeploymentPostprocessing = 0;
		};
/* End PBXResourcesBuildPhase section */

/* Begin PBXSourcesBuildPhase section */
		48383624251BB9B100845523 /* Sources */ = {
			isa = PBXSourcesBuildPhase;
			buildActionMask = 2147483647;
			files = (
				48C982712520998000A1B899 /* MovieList.swift in Sources */,
				484D9890251C8DC100FB7DC3 /* LoginViewController.swift in Sources */,
				48C9827925209AAD00A1B899 /* Extensions.swift in Sources */,
				484D9899251CA8C800FB7DC3 /* RegisterViewController.swift in Sources */,
				484D9893251C8DD600FB7DC3 /* MovieListViewController.swift in Sources */,
				4838362C251BB9B100845523 /* AppDelegate.swift in Sources */,
				4838362E251BB9B100845523 /* SceneDelegate.swift in Sources */,
			);
			runOnlyForDeploymentPostprocessing = 0;
		};
/* End PBXSourcesBuildPhase section */

/* Begin PBXVariantGroup section */
		48383631251BB9B100845523 /* Main.storyboard */ = {
			isa = PBXVariantGroup;
			children = (
				48383632251BB9B100845523 /* Base */,
			);
			name = Main.storyboard;
			sourceTree = "<group>";
		};
		48383636251BB9B500845523 /* LaunchScreen.storyboard */ = {
			isa = PBXVariantGroup;
			children = (
				48383637251BB9B500845523 /* Base */,
			);
			name = LaunchScreen.storyboard;
			sourceTree = "<group>";
		};
/* End PBXVariantGroup section */

/* Begin XCBuildConfiguration section */
		4838363A251BB9B500845523 /* Debug */ = {
			isa = XCBuildConfiguration;
			buildSettings = {
				ALWAYS_SEARCH_USER_PATHS = NO;
				CLANG_ANALYZER_NONNULL = YES;
				CLANG_ANALYZER_NUMBER_OBJECT_CONVERSION = YES_AGGRESSIVE;
				CLANG_CXX_LANGUAGE_STANDARD = "gnu++14";
				CLANG_CXX_LIBRARY = "libc++";
				CLANG_ENABLE_MODULES = YES;
				CLANG_ENABLE_OBJC_ARC = YES;
				CLANG_ENABLE_OBJC_WEAK = YES;
				CLANG_WARN_BLOCK_CAPTURE_AUTORELEASING = YES;
				CLANG_WARN_BOOL_CONVERSION = YES;
				CLANG_WARN_COMMA = YES;
				CLANG_WARN_CONSTANT_CONVERSION = YES;
				CLANG_WARN_DEPRECATED_OBJC_IMPLEMENTATIONS = YES;
				CLANG_WARN_DIRECT_OBJC_ISA_USAGE = YES_ERROR;
				CLANG_WARN_DOCUMENTATION_COMMENTS = YES;
				CLANG_WARN_EMPTY_BODY = YES;
				CLANG_WARN_ENUM_CONVERSION = YES;
				CLANG_WARN_INFINITE_RECURSION = YES;
				CLANG_WARN_INT_CONVERSION = YES;
				CLANG_WARN_NON_LITERAL_NULL_CONVERSION = YES;
				CLANG_WARN_OBJC_IMPLICIT_RETAIN_SELF = YES;
				CLANG_WARN_OBJC_LITERAL_CONVERSION = YES;
				CLANG_WARN_OBJC_ROOT_CLASS = YES_ERROR;
				CLANG_WARN_QUOTED_INCLUDE_IN_FRAMEWORK_HEADER = YES;
				CLANG_WARN_RANGE_LOOP_ANALYSIS = YES;
				CLANG_WARN_STRICT_PROTOTYPES = YES;
				CLANG_WARN_SUSPICIOUS_MOVE = YES;
				CLANG_WARN_UNGUARDED_AVAILABILITY = YES_AGGRESSIVE;
				CLANG_WARN_UNREACHABLE_CODE = YES;
				CLANG_WARN__DUPLICATE_METHOD_MATCH = YES;
				COPY_PHASE_STRIP = NO;
				DEBUG_INFORMATION_FORMAT = dwarf;
				ENABLE_STRICT_OBJC_MSGSEND = YES;
				ENABLE_TESTABILITY = YES;
				GCC_C_LANGUAGE_STANDARD = gnu11;
				GCC_DYNAMIC_NO_PIC = NO;
				GCC_NO_COMMON_BLOCKS = YES;
				GCC_OPTIMIZATION_LEVEL = 0;
				GCC_PREPROCESSOR_DEFINITIONS = (
					"DEBUG=1",
					"$(inherited)",
				);
				GCC_WARN_64_TO_32_BIT_CONVERSION = YES;
				GCC_WARN_ABOUT_RETURN_TYPE = YES_ERROR;
				GCC_WARN_UNDECLARED_SELECTOR = YES;
				GCC_WARN_UNINITIALIZED_AUTOS = YES_AGGRESSIVE;
				GCC_WARN_UNUSED_FUNCTION = YES;
				GCC_WARN_UNUSED_VARIABLE = YES;
				IPHONEOS_DEPLOYMENT_TARGET = 14.0;
				MTL_ENABLE_DEBUG_INFO = INCLUDE_SOURCE;
				MTL_FAST_MATH = YES;
				ONLY_ACTIVE_ARCH = YES;
				SDKROOT = iphoneos;
				SWIFT_ACTIVE_COMPILATION_CONDITIONS = DEBUG;
				SWIFT_OPTIMIZATION_LEVEL = "-Onone";
			};
			name = Debug;
		};
		4838363B251BB9B500845523 /* Release */ = {
			isa = XCBuildConfiguration;
			buildSettings = {
				ALWAYS_SEARCH_USER_PATHS = NO;
				CLANG_ANALYZER_NONNULL = YES;
				CLANG_ANALYZER_NUMBER_OBJECT_CONVERSION = YES_AGGRESSIVE;
				CLANG_CXX_LANGUAGE_STANDARD = "gnu++14";
				CLANG_CXX_LIBRARY = "libc++";
				CLANG_ENABLE_MODULES = YES;
				CLANG_ENABLE_OBJC_ARC = YES;
				CLANG_ENABLE_OBJC_WEAK = YES;
				CLANG_WARN_BLOCK_CAPTURE_AUTORELEASING = YES;
				CLANG_WARN_BOOL_CONVERSION = YES;
				CLANG_WARN_COMMA = YES;
				CLANG_WARN_CONSTANT_CONVERSION = YES;
				CLANG_WARN_DEPRECATED_OBJC_IMPLEMENTATIONS = YES;
				CLANG_WARN_DIRECT_OBJC_ISA_USAGE = YES_ERROR;
				CLANG_WARN_DOCUMENTATION_COMMENTS = YES;
				CLANG_WARN_EMPTY_BODY = YES;
				CLANG_WARN_ENUM_CONVERSION = YES;
				CLANG_WARN_INFINITE_RECURSION = YES;
				CLANG_WARN_INT_CONVERSION = YES;
				CLANG_WARN_NON_LITERAL_NULL_CONVERSION = YES;
				CLANG_WARN_OBJC_IMPLICIT_RETAIN_SELF = YES;
				CLANG_WARN_OBJC_LITERAL_CONVERSION = YES;
				CLANG_WARN_OBJC_ROOT_CLASS = YES_ERROR;
				CLANG_WARN_QUOTED_INCLUDE_IN_FRAMEWORK_HEADER = YES;
				CLANG_WARN_RANGE_LOOP_ANALYSIS = YES;
				CLANG_WARN_STRICT_PROTOTYPES = YES;
				CLANG_WARN_SUSPICIOUS_MOVE = YES;
				CLANG_WARN_UNGUARDED_AVAILABILITY = YES_AGGRESSIVE;
				CLANG_WARN_UNREACHABLE_CODE = YES;
				CLANG_WARN__DUPLICATE_METHOD_MATCH = YES;
				COPY_PHASE_STRIP = NO;
				DEBUG_INFORMATION_FORMAT = "dwarf-with-dsym";
				ENABLE_NS_ASSERTIONS = NO;
				ENABLE_STRICT_OBJC_MSGSEND = YES;
				GCC_C_LANGUAGE_STANDARD = gnu11;
				GCC_NO_COMMON_BLOCKS = YES;
				GCC_WARN_64_TO_32_BIT_CONVERSION = YES;
				GCC_WARN_ABOUT_RETURN_TYPE = YES_ERROR;
				GCC_WARN_UNDECLARED_SELECTOR = YES;
				GCC_WARN_UNINITIALIZED_AUTOS = YES_AGGRESSIVE;
				GCC_WARN_UNUSED_FUNCTION = YES;
				GCC_WARN_UNUSED_VARIABLE = YES;
				IPHONEOS_DEPLOYMENT_TARGET = 14.0;
				MTL_ENABLE_DEBUG_INFO = NO;
				MTL_FAST_MATH = YES;
				SDKROOT = iphoneos;
				SWIFT_COMPILATION_MODE = wholemodule;
				SWIFT_OPTIMIZATION_LEVEL = "-O";
				VALIDATE_PRODUCT = YES;
			};
			name = Release;
		};
		4838363D251BB9B500845523 /* Debug */ = {
			isa = XCBuildConfiguration;
			buildSettings = {
				ASSETCATALOG_COMPILER_APPICON_NAME = AppIcon;
				ASSETCATALOG_COMPILER_GLOBAL_ACCENT_COLOR_NAME = AccentColor;
				CODE_SIGN_STYLE = Automatic;
				DEVELOPMENT_TEAM = 9N3N56J5WQ;
				INFOPLIST_FILE = ZoneZero/Info.plist;
				LD_RUNPATH_SEARCH_PATHS = (
					"$(inherited)",
					"@executable_path/Frameworks",
				);
				PRODUCT_BUNDLE_IDENTIFIER = com.bilgihankose.ZoneZero;
				PRODUCT_NAME = "$(TARGET_NAME)";
				SWIFT_VERSION = 5.0;
				TARGETED_DEVICE_FAMILY = "1,2";
			};
			name = Debug;
		};
		4838363E251BB9B500845523 /* Release */ = {
			isa = XCBuildConfiguration;
			buildSettings = {
				ASSETCATALOG_COMPILER_APPICON_NAME = AppIcon;
				ASSETCATALOG_COMPILER_GLOBAL_ACCENT_COLOR_NAME = AccentColor;
				CODE_SIGN_STYLE = Automatic;
				DEVELOPMENT_TEAM = 9N3N56J5WQ;
				INFOPLIST_FILE = ZoneZero/Info.plist;
				LD_RUNPATH_SEARCH_PATHS = (
					"$(inherited)",
					"@executable_path/Frameworks",
				);
				PRODUCT_BUNDLE_IDENTIFIER = com.bilgihankose.ZoneZero;
				PRODUCT_NAME = "$(TARGET_NAME)";
				SWIFT_VERSION = 5.0;
				TARGETED_DEVICE_FAMILY = "1,2";
			};
			name = Release;
		};
/* End XCBuildConfiguration section */

/* Begin XCConfigurationList section */
		48383623251BB9B100845523 /* Build configuration list for PBXProject "ZoneZero" */ = {
			isa = XCConfigurationList;
			buildConfigurations = (
				4838363A251BB9B500845523 /* Debug */,
				4838363B251BB9B500845523 /* Release */,
			);
			defaultConfigurationIsVisible = 0;
			defaultConfigurationName = Release;
		};
		4838363C251BB9B500845523 /* Build configuration list for PBXNativeTarget "ZoneZero" */ = {
			isa = XCConfigurationList;
			buildConfigurations = (
				4838363D251BB9B500845523 /* Debug */,
				4838363E251BB9B500845523 /* Release */,
			);
			defaultConfigurationIsVisible = 0;
			defaultConfigurationName = Release;
		};
/* End XCConfigurationList section */
	};
	rootObject = 48383620251BB9B100845523 /* Project object */;
}
